
Microsoft Visual Studio Solution File, Format Version 12.00
# Visual Studio 2013
VisualStudioVersion = 12.0.31101.0
MinimumVisualStudioVersion = 10.0.40219.1
Project("{FAE04EC0-301F-11D3-BF4B-00C04F79EFBC}") = "Fixability", "Fixability.csproj", "{FFC76F8F-2FBD-4520-97DE-C885E2CD885B}"
EndProject
Project("{FAE04EC0-301F-11D3-BF4B-00C04F79EFBC}") = "Console", "Console\Console.csproj", "{A6966F1B-CC3D-4999-AD6E-52AA4A129A16}"
EndProject
Global
	GlobalSection(SolutionConfigurationPlatforms) = preSolution
		Debug|Any CPU = Debug|Any CPU
		Release|Any CPU = Release|Any CPU
	EndGlobalSection
	GlobalSection(ProjectConfigurationPlatforms) = postSolution
		{FFC76F8F-2FBD-4520-97DE-C885E2CD885B}.Debug|Any CPU.ActiveCfg = Debug|Any CPU
		{FFC76F8F-2FBD-4520-97DE-C885E2CD885B}.Debug|Any CPU.Build.0 = Debug|Any CPU
		{FFC76F8F-2FBD-4520-97DE-C885E2CD885B}.Release|Any CPU.ActiveCfg = Release|Any CPU
		{FFC76F8F-2FBD-4520-97DE-C885E2CD885B}.Release|Any CPU.Build.0 = Release|Any CPU
		{A6966F1B-CC3D-4999-AD6E-52AA4A129A16}.Debug|Any CPU.ActiveCfg = Debug|Any CPU
		{A6966F1B-CC3D-4999-AD6E-52AA4A129A16}.Debug|Any CPU.Build.0 = Debug|Any CPU
		{A6966F1B-CC3D-4999-AD6E-52AA4A129A16}.Release|Any CPU.ActiveCfg = Release|Any CPU
		{A6966F1B-CC3D-4999-AD6E-52AA4A129A16}.Release|Any CPU.Build.0 = Release|Any CPU
	EndGlobalSection
	GlobalSection(SolutionProperties) = preSolution
		HideSolutionNode = FALSE
	EndGlobalSection
EndGlobal
