
Microsoft Visual Studio Solution File, Format Version 12.00
# Visual Studio 15
VisualStudioVersion = 15.0.27004.2005
MinimumVisualStudioVersion = 10.0.40219.1
Project("{FAE04EC0-301F-11D3-BF4B-00C04F79EFBC}") = "TriangleTiling", "TriangleTiling.csproj", "{A404FC70-2792-44E4-96A3-C053615774BF}"
EndProject
Global
	GlobalSection(SolutionConfigurationPlatforms) = preSolution
		Debug|Any CPU = Debug|Any CPU
		Release|Any CPU = Release|Any CPU
	EndGlobalSection
	GlobalSection(ProjectConfigurationPlatforms) = postSolution
		{A404FC70-2792-44E4-96A3-C053615774BF}.Debug|Any CPU.ActiveCfg = Debug|Any CPU
		{A404FC70-2792-44E4-96A3-C053615774BF}.Debug|Any CPU.Build.0 = Debug|Any CPU
		{A404FC70-2792-44E4-96A3-C053615774BF}.Release|Any CPU.ActiveCfg = Release|Any CPU
		{A404FC70-2792-44E4-96A3-C053615774BF}.Release|Any CPU.Build.0 = Release|Any CPU
	EndGlobalSection
	GlobalSection(SolutionProperties) = preSolution
		HideSolutionNode = FALSE
	EndGlobalSection
	GlobalSection(ExtensibilityGlobals) = postSolution
		SolutionGuid = {8FEB05C1-FFA5-4810-9A88-D207B26DDAD7}
	EndGlobalSection
EndGlobal
